
Microsoft Visual Studio Solution File, Format Version 12.00
# Visual Studio Version 17
VisualStudioVersion = 17.5.33516.290
MinimumVisualStudioVersion = 10.0.40219.1
Project("{FAE04EC0-301F-11D3-BF4B-00C04F79EFBC}") = "PresentationTrainerVisualization", "PresentationTrainerVisualization\PresentationTrainerVisualization.csproj", "{2F80457E-A9E4-4D9C-8FD0-617A3C1E8C5E}"
EndProject
Global
	GlobalSection(SolutionConfigurationPlatforms) = preSolution
		Debug|Any CPU = Debug|Any CPU
		Release|Any CPU = Release|Any CPU
	EndGlobalSection
	GlobalSection(ProjectConfigurationPlatforms) = postSolution
		{2F80457E-A9E4-4D9C-8FD0-617A3C1E8C5E}.Debug|Any CPU.ActiveCfg = Debug|Any CPU
		{2F80457E-A9E4-4D9C-8FD0-617A3C1E8C5E}.Debug|Any CPU.Build.0 = Debug|Any CPU
		{2F80457E-A9E4-4D9C-8FD0-617A3C1E8C5E}.Release|Any CPU.ActiveCfg = Release|Any CPU
		{2F80457E-A9E4-4D9C-8FD0-617A3C1E8C5E}.Release|Any CPU.Build.0 = Release|Any CPU
	EndGlobalSection
	GlobalSection(SolutionProperties) = preSolution
		HideSolutionNode = FALSE
	EndGlobalSection
	GlobalSection(ExtensibilityGlobals) = postSolution
		SolutionGuid = {7B950AF6-D65D-4C51-88B6-C1D10FD4FDC1}
	EndGlobalSection
EndGlobal
